
Microsoft Visual Studio Solution File, Format Version 12.00
# Visual Studio Version 16
VisualStudioVersion = 16.0.31424.327
MinimumVisualStudioVersion = 10.0.40219.1
Project("{FAE04EC0-301F-11D3-BF4B-00C04F79EFBC}") = "BattleForgeEffectEditor.Application", "BattleForgeEffectEditor.Application\BattleForgeEffectEditor.Application.csproj", "{8BA0EC87-4AAA-451C-99F7-D7A86488CB70}"
EndProject
Project("{FAE04EC0-301F-11D3-BF4B-00C04F79EFBC}") = "BattleForgeEffectEditor.Models", "BattleForgeEffectEditor.Models\BattleForgeEffectEditor.Models.csproj", "{39C67F8E-EAD4-474B-BF30-C367853F891B}"
EndProject
Project("{2150E333-8FDC-42A3-9474-1A3956D46DE8}") = "Solution Items", "Solution Items", "{8838AAA5-A795-4EE1-9323-A43DCE03E884}"
	ProjectSection(SolutionItems) = preProject
		.editorconfig = .editorconfig
	EndProjectSection
EndProject
Global
	GlobalSection(SolutionConfigurationPlatforms) = preSolution
		Debug|Any CPU = Debug|Any CPU
		Release|Any CPU = Release|Any CPU
	EndGlobalSection
	GlobalSection(ProjectConfigurationPlatforms) = postSolution
		{8BA0EC87-4AAA-451C-99F7-D7A86488CB70}.Debug|Any CPU.ActiveCfg = Debug|Any CPU
		{8BA0EC87-4AAA-451C-99F7-D7A86488CB70}.Debug|Any CPU.Build.0 = Debug|Any CPU
		{8BA0EC87-4AAA-451C-99F7-D7A86488CB70}.Release|Any CPU.ActiveCfg = Release|Any CPU
		{8BA0EC87-4AAA-451C-99F7-D7A86488CB70}.Release|Any CPU.Build.0 = Release|Any CPU
		{39C67F8E-EAD4-474B-BF30-C367853F891B}.Debug|Any CPU.ActiveCfg = Debug|Any CPU
		{39C67F8E-EAD4-474B-BF30-C367853F891B}.Debug|Any CPU.Build.0 = Debug|Any CPU
		{39C67F8E-EAD4-474B-BF30-C367853F891B}.Release|Any CPU.ActiveCfg = Release|Any CPU
		{39C67F8E-EAD4-474B-BF30-C367853F891B}.Release|Any CPU.Build.0 = Release|Any CPU
	EndGlobalSection
	GlobalSection(SolutionProperties) = preSolution
		HideSolutionNode = FALSE
	EndGlobalSection
	GlobalSection(ExtensibilityGlobals) = postSolution
		SolutionGuid = {3994CDC1-50E6-4AEB-8F2A-6110A133AE77}
	EndGlobalSection
EndGlobal
